
Microsoft Visual Studio Solution File, Format Version 12.00
# Visual Studio Version 17
VisualStudioVersion = 17.13.35919.96 d17.13
MinimumVisualStudioVersion = 10.0.40219.1
Project("{FAE04EC0-301F-11D3-BF4B-00C04F79EFBC}") = "Bakalarka_Jelinek", "Bakalarka_Jelinek.csproj", "{52783B9C-3D9B-4790-A2FA-BD6F1C3524B9}"
EndProject
Global
	GlobalSection(SolutionConfigurationPlatforms) = preSolution
		Debug|Any CPU = Debug|Any CPU
		Release|Any CPU = Release|Any CPU
	EndGlobalSection
	GlobalSection(ProjectConfigurationPlatforms) = postSolution
		{52783B9C-3D9B-4790-A2FA-BD6F1C3524B9}.Debug|Any CPU.ActiveCfg = Debug|Any CPU
		{52783B9C-3D9B-4790-A2FA-BD6F1C3524B9}.Debug|Any CPU.Build.0 = Debug|Any CPU
		{52783B9C-3D9B-4790-A2FA-BD6F1C3524B9}.Release|Any CPU.ActiveCfg = Release|Any CPU
		{52783B9C-3D9B-4790-A2FA-BD6F1C3524B9}.Release|Any CPU.Build.0 = Release|Any CPU
	EndGlobalSection
	GlobalSection(SolutionProperties) = preSolution
		HideSolutionNode = FALSE
	EndGlobalSection
	GlobalSection(ExtensibilityGlobals) = postSolution
		SolutionGuid = {5A273682-E24E-4B34-83A2-5DE198A26B82}
	EndGlobalSection
EndGlobal
